# THIS IS AN AUTOGENERATED FILE. DO NOT EDIT THIS FILE DIRECTLY.
# yarn lockfile v1


prism-themes@^1.9.0:
  version "1.9.0"
  resolved "https://registry.yarnpkg.com/prism-themes/-/prism-themes-1.9.0.tgz#19c034f3205f1e28d75d89728e54ccd745f7e3dd"
  integrity sha512-tX2AYsehKDw1EORwBps+WhBFKc2kxfoFpQAjxBndbZKr4fRmMkv47XN0BghC/K1qwodB1otbe4oF23vUTFDokw==
